# This file is automatically @generated by Cargo.
# It is not intended for manual editing.
version = 3

[[package]]
name = "aho-corasick"
version = "1.1.4"
source = "registry+https://github.com/rust-lang/crates.io-index"
checksum = "ddd31a130427c27518df266943a5308ed92d4b226cc639f5a8f1002816174301"
dependencies = [
 "memchr",
]

[[package]]
name = "anyhow"
version = "1.0.102"
source = "registry+https://github.com/rust-lang/crates.io-index"
checksum = "7f202df86484c868dbad7eaa557ef785d5c66295e41b460ef922eca0723b842c"

[[package]]
name = "arrayvec"
version = "0.7.6"
source = "registry+https://github.com/rust-lang/crates.io-index"
checksum = "7c02d123df017efcdfbd739ef81735b36c5ba83ec3c59c80a9d7ecc718f92e50"

[[package]]
name = "assert-text"
version = "0.2.11"
source = "registry+https://github.com/rust-lang/crates.io-index"
checksum = "878d5123bb80c5b34733759d154a85d8c8b18464bdd0029c39ffe1e6e942e2ff"
dependencies = [
 "difference",
 "regex",
]

[[package]]
name = "cfg-iif"
version = "0.2.9"
source = "registry+https://github.com/rust-lang/crates.io-index"
checksum = "7689f7f7d03ec0e18eaa262c0447aa316f59868de891916904fb68c62f1bb11f"

[[package]]
name = "cpufeatures"
version = "0.2.17"
source = "registry+https://github.com/rust-lang/crates.io-index"
checksum = "59ed5838eebb26a2bb2e58f6d5b5316989ae9d08bab10e0e6d103e656d1b0280"
dependencies = [
 "libc",
]

[[package]]
name = "difference"
version = "2.0.0"
source = "registry+https://github.com/rust-lang/crates.io-index"
checksum = "524cbf6897b527295dff137cec09ecf3a05f4fddffd7dfcd1585403449e74198"

[[package]]
name = "errno"
version = "0.3.14"
source = "registry+https://github.com/rust-lang/crates.io-index"
checksum = "39cab71617ae0d63f51a36d69f866391735b51691dbda63cf6f96d042b63efeb"
dependencies = [
 "libc",
 "windows-sys",
]

[[package]]
name = "exec-target"
version = "0.2.10"
source = "registry+https://github.com/rust-lang/crates.io-index"
checksum = "0ac02996cf32aa04f5ad02dc43a03e1cea4795978b0e2049e9dff8bd94e399e2"

[[package]]
name = "flood-tide"
version = "0.2.14"
source = "registry+https://github.com/rust-lang/crates.io-index"
checksum = "22e1bfc1fa66989390d95fe32069cc795122fc60f320bcf3cd09406783119b88"

[[package]]
name = "flood-tide-gen"
version = "0.2.2"
source = "registry+https://github.com/rust-lang/crates.io-index"
checksum = "81ae0585e68c1ea7d9f212557b7ebee6e69cde0d7f201a12ac71449c8f149e04"
dependencies = [
 "anyhow",
 "heck",
 "regex",
]

[[package]]
name = "heck"
version = "0.5.0"
source = "registry+https://github.com/rust-lang/crates.io-index"
checksum = "2304e00983f87ffb38b55b444b5e3b60a884b5d30c0fca7d82fe33449bbe55ea"

[[package]]
name = "indoc"
version = "2.0.7"
source = "registry+https://github.com/rust-lang/crates.io-index"
checksum = "79cf5c93f93228cf8efb3ba362535fb11199ac548a09ce117c9b1adc3030d706"
dependencies = [
 "rustversion",
]

[[package]]
name = "itoa"
version = "1.0.18"
source = "registry+https://github.com/rust-lang/crates.io-index"
checksum = "8f42a60cbdf9a97f5d2305f08a87dc4e09308d1276d28c869c684d7777685682"

[[package]]
name = "libc"
version = "0.2.186"
source = "registry+https://github.com/rust-lang/crates.io-index"
checksum = "68ab91017fe16c622486840e4c83c9a37afeff978bd239b5293d61ece587de66"

[[package]]
name = "linux-procfs"
version = "0.4.2"
source = "registry+https://github.com/rust-lang/crates.io-index"
checksum = "f7451a2acd7b8b44ac248286cdea334e592db7be6d619fde7d2f5b2b14804ad5"
dependencies = [
 "cfg-iif",
 "memx",
 "naive_opt",
]

[[package]]
name = "memchr"
version = "2.8.0"
source = "registry+https://github.com/rust-lang/crates.io-index"
checksum = "f8ca58f447f06ed17d5fc4043ce1b10dd205e060fb3ce5b979b8ed8e59ff3f79"

[[package]]
name = "memx"
version = "0.2.1"
source = "registry+https://github.com/rust-lang/crates.io-index"
checksum = "a1eb28f70ca75d62feda5053240b87d490c70db5cea7b3103413370dd4f9fdb5"
dependencies = [
 "cpufeatures",
 "rustversion",
]

[[package]]
name = "naive_opt"
version = "0.2.1"
source = "registry+https://github.com/rust-lang/crates.io-index"
checksum = "e39d51f11c24e9ec467eef3efea563e25d65d4aebe58041be3b1bd1dbc076864"
dependencies = [
 "memx",
]

[[package]]
name = "num-format"
version = "0.4.4"
source = "registry+https://github.com/rust-lang/crates.io-index"
checksum = "a652d9771a63711fd3c3deb670acfbe5c30a4072e664d7a3bf5a9e1056ac72c3"
dependencies = [
 "arrayvec",
 "itoa",
]

[[package]]
name = "ps-mem"
version = "0.3.2"
dependencies = [
 "anyhow",
 "assert-text",
 "exec-target",
 "flood-tide",
 "indoc",
 "linux-procfs",
 "num-format",
 "regex",
 "runnel",
 "rust-version-info-file",
 "signal-hook",
]

[[package]]
name = "regex"
version = "1.12.3"
source = "registry+https://github.com/rust-lang/crates.io-index"
checksum = "e10754a14b9137dd7b1e3e5b0493cc9171fdd105e0ab477f51b72e7f3ac0e276"
dependencies = [
 "aho-corasick",
 "memchr",
 "regex-automata",
 "regex-syntax",
]

[[package]]
name = "regex-automata"
version = "0.4.14"
source = "registry+https://github.com/rust-lang/crates.io-index"
checksum = "6e1dd4122fc1595e8162618945476892eefca7b88c52820e74af6262213cae8f"
dependencies = [
 "aho-corasick",
 "memchr",
 "regex-syntax",
]

[[package]]
name = "regex-syntax"
version = "0.8.10"
source = "registry+https://github.com/rust-lang/crates.io-index"
checksum = "dc897dd8d9e8bd1ed8cdad82b5966c3e0ecae09fb1907d58efaa013543185d0a"

[[package]]
name = "runnel"
version = "0.4.2"
source = "registry+https://github.com/rust-lang/crates.io-index"
checksum = "ce95ec9ff97e5dc9ac5855694406e9878b2b7540d47318dae2f06c6c6fa36441"

[[package]]
name = "rust-version-info-file"
version = "0.2.0"
source = "registry+https://github.com/rust-lang/crates.io-index"
checksum = "4f61f9ca64683b54015215337eccbe254c0154a9107c4b543aa60d1cec6476e9"

[[package]]
name = "rustversion"
version = "1.0.22"
source = "registry+https://github.com/rust-lang/crates.io-index"
checksum = "b39cdef0fa800fc44525c84ccb54a029961a8215f9619753635a9c0d2538d46d"

[[package]]
name = "signal-hook"
version = "0.4.4"
source = "registry+https://github.com/rust-lang/crates.io-index"
checksum = "b2a0c28ca5908dbdbcd52e6fdaa00358ab88637f8ab33e1f188dd510eb44b53d"
dependencies = [
 "libc",
 "signal-hook-registry",
]

[[package]]
name = "signal-hook-registry"
version = "1.4.8"
source = "registry+https://github.com/rust-lang/crates.io-index"
checksum = "c4db69cba1110affc0e9f7bcd48bbf87b3f4fc7c61fc9155afd4c469eb3d6c1b"
dependencies = [
 "errno",
 "libc",
]

[[package]]
name = "test-helper"
version = "0.1.0"
dependencies = [
 "assert-text",
 "exec-target",
 "regex",
]

[[package]]
name = "windows-link"
version = "0.2.1"
source = "registry+https://github.com/rust-lang/crates.io-index"
checksum = "f0805222e57f7521d6a62e36fa9163bc891acd422f971defe97d64e70d0a4fe5"

[[package]]
name = "windows-sys"
version = "0.61.2"
source = "registry+https://github.com/rust-lang/crates.io-index"
checksum = "ae137229bcbd6cdf0f7b80a31df61766145077ddf49416a728b02cb3921ff3fc"
dependencies = [
 "windows-link",
]

[[package]]
name = "xtask"
version = "0.1.0"
dependencies = [
 "anyhow",
 "flood-tide-gen",
]
