# This file is automatically @generated by Cargo.
# It is not intended for manual editing.
[[package]]
name = "aho-corasick"
version = "0.7.18"
source = "registry+https://github.com/rust-lang/crates.io-index"
checksum = "1e37cfd5e7657ada45f742d6e99ca5788580b5c529dc78faf11ece6dc702656f"
dependencies = [
 "memchr",
]

[[package]]
name = "anyhow"
version = "1.0.45"
source = "registry+https://github.com/rust-lang/crates.io-index"
checksum = "ee10e43ae4a853c0a3591d4e2ada1719e553be18199d9da9d4a83f5927c2f5c7"

[[package]]
name = "arrayvec"
version = "0.4.12"
source = "registry+https://github.com/rust-lang/crates.io-index"
checksum = "cd9fd44efafa8690358b7408d253adf110036b88f55672a933f01d616ad9b1b9"
dependencies = [
 "nodrop",
]

[[package]]
name = "assert-text"
version = "0.2.5"
source = "registry+https://github.com/rust-lang/crates.io-index"
checksum = "21f793905389695c7b041d6d2550b072b7711a7e56e8fbd3a4656f5ce47baf28"
dependencies = [
 "difference",
 "regex",
]

[[package]]
name = "case"
version = "1.0.0"
source = "registry+https://github.com/rust-lang/crates.io-index"
checksum = "fd6c0e7b807d60291f42f33f58480c0bfafe28ed08286446f45e463728cf9c1c"

[[package]]
name = "cfg-iif"
version = "0.2.2"
source = "registry+https://github.com/rust-lang/crates.io-index"
checksum = "b9788338b5f552594597c3690e3fa8521bf5d4048988338b80501d12e6ce3c87"

[[package]]
name = "difference"
version = "2.0.0"
source = "registry+https://github.com/rust-lang/crates.io-index"
checksum = "524cbf6897b527295dff137cec09ecf3a05f4fddffd7dfcd1585403449e74198"

[[package]]
name = "exec-target"
version = "0.2.4"
source = "registry+https://github.com/rust-lang/crates.io-index"
checksum = "822755243dec2f1ccd1fd8312972dfba64509cd9c6484595c58c97385e2dcb09"

[[package]]
name = "flood-tide"
version = "0.2.4"
source = "registry+https://github.com/rust-lang/crates.io-index"
checksum = "b4bdce586a6d6e06911ab966f0e22995a0df330c65659ce835ecf9bfd6b150b6"

[[package]]
name = "flood-tide-gen"
version = "0.1.15"
source = "registry+https://github.com/rust-lang/crates.io-index"
checksum = "a2edf48781ce999b3276320446e16c7dc45eea19b45748de028ce84c441e9b6e"
dependencies = [
 "anyhow",
 "case",
 "regex",
]

[[package]]
name = "indoc"
version = "1.0.3"
source = "registry+https://github.com/rust-lang/crates.io-index"
checksum = "e5a75aeaaef0ce18b58056d306c27b07436fbb34b8816c53094b76dd81803136"
dependencies = [
 "unindent",
]

[[package]]
name = "itoa"
version = "0.4.8"
source = "registry+https://github.com/rust-lang/crates.io-index"
checksum = "b71991ff56294aa922b450139ee08b3bfc70982c6b2c7562771375cf73542dd4"

[[package]]
name = "libc"
version = "0.2.107"
source = "registry+https://github.com/rust-lang/crates.io-index"
checksum = "fbe5e23404da5b4f555ef85ebed98fb4083e55a00c317800bc2a50ede9f3d219"

[[package]]
name = "linux-procfs"
version = "0.3.10"
source = "registry+https://github.com/rust-lang/crates.io-index"
checksum = "8e562d93d225cb01235fdd53a1895bbe18bef2045350a1106d2bcc26e3e9b3d9"
dependencies = [
 "cfg-iif",
 "memx",
 "naive_opt",
]

[[package]]
name = "memchr"
version = "2.4.1"
source = "registry+https://github.com/rust-lang/crates.io-index"
checksum = "308cc39be01b73d0d18f82a0e7b2a3df85245f84af96fdddc5d202d27e47b86a"

[[package]]
name = "memx"
version = "0.1.18"
source = "registry+https://github.com/rust-lang/crates.io-index"
checksum = "902bfec851b10e18f2d749bb2a6ea639fa725383575a2737ffd2a8ac4f2ae01a"
dependencies = [
 "rustc_version",
]

[[package]]
name = "memx-cdy"
version = "0.1.7"
source = "registry+https://github.com/rust-lang/crates.io-index"
checksum = "e3dd389a9c24867660878f12c52b314ecb32f3675d740503feee83a084ca8949"
dependencies = [
 "libc",
 "memx",
]

[[package]]
name = "naive_opt"
version = "0.1.16"
source = "registry+https://github.com/rust-lang/crates.io-index"
checksum = "d41794e61186364841461b3447d88892c963369ed721cb6b94ec97cb6b650e7c"
dependencies = [
 "memx",
]

[[package]]
name = "nodrop"
version = "0.1.14"
source = "registry+https://github.com/rust-lang/crates.io-index"
checksum = "72ef4a56884ca558e5ddb05a1d1e7e1bfd9a68d9ed024c21704cc98872dae1bb"

[[package]]
name = "num-format"
version = "0.4.0"
source = "registry+https://github.com/rust-lang/crates.io-index"
checksum = "bafe4179722c2894288ee77a9f044f02811c86af699344c498b0840c698a2465"
dependencies = [
 "arrayvec",
 "itoa",
]

[[package]]
name = "ps-mem"
version = "0.2.8"
dependencies = [
 "anyhow",
 "assert-text",
 "exec-target",
 "flood-tide",
 "indoc",
 "linux-procfs",
 "memx-cdy",
 "num-format",
 "regex",
 "runnel",
 "rust-version-info-file",
 "signal-hook",
]

[[package]]
name = "regex"
version = "1.5.4"
source = "registry+https://github.com/rust-lang/crates.io-index"
checksum = "d07a8629359eb56f1e2fb1652bb04212c072a87ba68546a04065d525673ac461"
dependencies = [
 "aho-corasick",
 "memchr",
 "regex-syntax",
]

[[package]]
name = "regex-syntax"
version = "0.6.25"
source = "registry+https://github.com/rust-lang/crates.io-index"
checksum = "f497285884f3fcff424ffc933e56d7cbca511def0c9831a7f9b5f6153e3cc89b"

[[package]]
name = "runnel"
version = "0.3.9"
source = "registry+https://github.com/rust-lang/crates.io-index"
checksum = "2880fdf617b795c59a12fce2a0482e2ccba4fb04c097e6169354ba523edab09e"
dependencies = [
 "rustc_version",
]

[[package]]
name = "rust-version-info-file"
version = "0.1.3"
source = "registry+https://github.com/rust-lang/crates.io-index"
checksum = "d3ab5ebd32d817918a9f1a51cbf14e7ba4b94f83e2dabf8fc518c8b0d08f148b"

[[package]]
name = "rustc_version"
version = "0.4.0"
source = "registry+https://github.com/rust-lang/crates.io-index"
checksum = "bfa0f585226d2e68097d4f95d113b15b83a82e819ab25717ec0590d9584ef366"
dependencies = [
 "semver",
]

[[package]]
name = "semver"
version = "1.0.4"
source = "registry+https://github.com/rust-lang/crates.io-index"
checksum = "568a8e6258aa33c13358f81fd834adb854c6f7c9468520910a9b1e8fac068012"

[[package]]
name = "signal-hook"
version = "0.3.10"
source = "registry+https://github.com/rust-lang/crates.io-index"
checksum = "9c98891d737e271a2954825ef19e46bd16bdb98e2746f2eec4f7a4ef7946efd1"
dependencies = [
 "libc",
 "signal-hook-registry",
]

[[package]]
name = "signal-hook-registry"
version = "1.4.0"
source = "registry+https://github.com/rust-lang/crates.io-index"
checksum = "e51e73328dc4ac0c7ccbda3a494dfa03df1de2f46018127f60c693f2648455b0"
dependencies = [
 "libc",
]

[[package]]
name = "unindent"
version = "0.1.7"
source = "registry+https://github.com/rust-lang/crates.io-index"
checksum = "f14ee04d9415b52b3aeab06258a3f07093182b88ba0f9b8d203f211a7a7d41c7"

[[package]]
name = "xtask"
version = "0.1.0"
dependencies = [
 "anyhow",
 "flood-tide-gen",
]
