# This file is automatically @generated by Cargo.
# It is not intended for manual editing.
version = 3

[[package]]
name = "aho-corasick"
version = "0.7.18"
source = "registry+https://github.com/rust-lang/crates.io-index"
checksum = "1e37cfd5e7657ada45f742d6e99ca5788580b5c529dc78faf11ece6dc702656f"
dependencies = [
 "memchr",
]

[[package]]
name = "anyhow"
version = "1.0.57"
source = "registry+https://github.com/rust-lang/crates.io-index"
checksum = "08f9b8508dccb7687a1d6c4ce66b2b0ecef467c94667de27d8d7fe1f8d2a9cdc"

[[package]]
name = "arrayvec"
version = "0.4.12"
source = "registry+https://github.com/rust-lang/crates.io-index"
checksum = "cd9fd44efafa8690358b7408d253adf110036b88f55672a933f01d616ad9b1b9"
dependencies = [
 "nodrop",
]

[[package]]
name = "assert-text"
version = "0.2.6"
source = "registry+https://github.com/rust-lang/crates.io-index"
checksum = "a5ffc3b0eee6b19ec9f64515b869f3671bfbdd4a769035c0e2fb6bc7a5e3c949"
dependencies = [
 "difference",
 "regex",
]

[[package]]
name = "case"
version = "1.0.0"
source = "registry+https://github.com/rust-lang/crates.io-index"
checksum = "fd6c0e7b807d60291f42f33f58480c0bfafe28ed08286446f45e463728cf9c1c"

[[package]]
name = "cfg-iif"
version = "0.2.3"
source = "registry+https://github.com/rust-lang/crates.io-index"
checksum = "b24686dc00b4c48b6c1cbe3503323e5789ce01960fb660a059701201dc3d2248"

[[package]]
name = "difference"
version = "2.0.0"
source = "registry+https://github.com/rust-lang/crates.io-index"
checksum = "524cbf6897b527295dff137cec09ecf3a05f4fddffd7dfcd1585403449e74198"

[[package]]
name = "exec-target"
version = "0.2.6"
source = "registry+https://github.com/rust-lang/crates.io-index"
checksum = "ee3978de4178433ae49a3095c802e5924d0148db5508ec832ed6ea9014bad6f5"

[[package]]
name = "flood-tide"
version = "0.2.5"
source = "registry+https://github.com/rust-lang/crates.io-index"
checksum = "e66263a9d863818646c2e2f34f8aa363b52f3f60edcf6e11313930100e232dfe"

[[package]]
name = "flood-tide-gen"
version = "0.1.16"
source = "registry+https://github.com/rust-lang/crates.io-index"
checksum = "d13bf036a37d432784dfbbef12e722d6a5080cd3b4548118974909094960e3f3"
dependencies = [
 "anyhow",
 "case",
 "regex",
]

[[package]]
name = "indoc"
version = "1.0.6"
source = "registry+https://github.com/rust-lang/crates.io-index"
checksum = "05a0bd019339e5d968b37855180087b7b9d512c5046fbd244cf8c95687927d6e"

[[package]]
name = "itoa"
version = "0.4.8"
source = "registry+https://github.com/rust-lang/crates.io-index"
checksum = "b71991ff56294aa922b450139ee08b3bfc70982c6b2c7562771375cf73542dd4"

[[package]]
name = "libc"
version = "0.2.126"
source = "registry+https://github.com/rust-lang/crates.io-index"
checksum = "349d5a591cd28b49e1d1037471617a32ddcda5731b99419008085f72d5a53836"

[[package]]
name = "linux-procfs"
version = "0.3.11"
source = "registry+https://github.com/rust-lang/crates.io-index"
checksum = "ef55bb53418340ae143a5d20b572bf4d404c644d6dd07d0dfbbe24a74b07625f"
dependencies = [
 "cfg-iif",
 "memx",
 "naive_opt",
]

[[package]]
name = "memchr"
version = "2.5.0"
source = "registry+https://github.com/rust-lang/crates.io-index"
checksum = "2dffe52ecf27772e601905b7522cb4ef790d2cc203488bbd0e2fe85fcb74566d"

[[package]]
name = "memx"
version = "0.1.21"
source = "registry+https://github.com/rust-lang/crates.io-index"
checksum = "7464df217e8198195bceb7ccdff56201b4aa2a0e3e3a4254f2d24b8080b6e978"
dependencies = [
 "rustc_version",
]

[[package]]
name = "memx-cdy"
version = "0.1.8"
source = "registry+https://github.com/rust-lang/crates.io-index"
checksum = "b5ade3deb40aa5f3b486dc4483e78f27e3aef3444e02c986b14c5af2aa0f37bd"
dependencies = [
 "libc",
 "memx",
]

[[package]]
name = "naive_opt"
version = "0.1.18"
source = "registry+https://github.com/rust-lang/crates.io-index"
checksum = "b87a5f33c8c290beda6a87848d74ec0b83644a3efaf887555d47b5cb95031f83"
dependencies = [
 "memx",
]

[[package]]
name = "nodrop"
version = "0.1.14"
source = "registry+https://github.com/rust-lang/crates.io-index"
checksum = "72ef4a56884ca558e5ddb05a1d1e7e1bfd9a68d9ed024c21704cc98872dae1bb"

[[package]]
name = "num-format"
version = "0.4.0"
source = "registry+https://github.com/rust-lang/crates.io-index"
checksum = "bafe4179722c2894288ee77a9f044f02811c86af699344c498b0840c698a2465"
dependencies = [
 "arrayvec",
 "itoa",
]

[[package]]
name = "ps-mem"
version = "0.2.11"
dependencies = [
 "anyhow",
 "assert-text",
 "exec-target",
 "flood-tide",
 "indoc",
 "linux-procfs",
 "memx-cdy",
 "num-format",
 "regex",
 "runnel",
 "rust-version-info-file",
 "signal-hook",
]

[[package]]
name = "regex"
version = "1.5.6"
source = "registry+https://github.com/rust-lang/crates.io-index"
checksum = "d83f127d94bdbcda4c8cc2e50f6f84f4b611f69c902699ca385a39c3a75f9ff1"
dependencies = [
 "aho-corasick",
 "memchr",
 "regex-syntax",
]

[[package]]
name = "regex-syntax"
version = "0.6.26"
source = "registry+https://github.com/rust-lang/crates.io-index"
checksum = "49b3de9ec5dc0a3417da371aab17d729997c15010e7fd24ff707773a33bddb64"

[[package]]
name = "runnel"
version = "0.3.11"
source = "registry+https://github.com/rust-lang/crates.io-index"
checksum = "fb53b6c382cdf8f6119a69f7f9d39df093f313aea3fd0d6cc28e3039e2e986e3"
dependencies = [
 "rustc_version",
]

[[package]]
name = "rust-version-info-file"
version = "0.1.6"
source = "registry+https://github.com/rust-lang/crates.io-index"
checksum = "18443a81274ef6342d6aba23eb82a862cde285d105f5cac289f7fad16f58922b"

[[package]]
name = "rustc_version"
version = "0.4.0"
source = "registry+https://github.com/rust-lang/crates.io-index"
checksum = "bfa0f585226d2e68097d4f95d113b15b83a82e819ab25717ec0590d9584ef366"
dependencies = [
 "semver",
]

[[package]]
name = "semver"
version = "1.0.10"
source = "registry+https://github.com/rust-lang/crates.io-index"
checksum = "a41d061efea015927ac527063765e73601444cdc344ba855bc7bd44578b25e1c"

[[package]]
name = "signal-hook"
version = "0.3.14"
source = "registry+https://github.com/rust-lang/crates.io-index"
checksum = "a253b5e89e2698464fc26b545c9edceb338e18a89effeeecfea192c3025be29d"
dependencies = [
 "libc",
 "signal-hook-registry",
]

[[package]]
name = "signal-hook-registry"
version = "1.4.0"
source = "registry+https://github.com/rust-lang/crates.io-index"
checksum = "e51e73328dc4ac0c7ccbda3a494dfa03df1de2f46018127f60c693f2648455b0"
dependencies = [
 "libc",
]

[[package]]
name = "xtask"
version = "0.1.0"
dependencies = [
 "anyhow",
 "flood-tide-gen",
]
